
Microsoft Visual Studio Solution File, Format Version 12.00
# Visual Studio 15
VisualStudioVersion = 15.0.28010.2041
MinimumVisualStudioVersion = 10.0.40219.1
Project("{9A19103F-16F7-4668-BE54-9A1E7A4F7556}") = "QuanLiDoChoi", "QuanLiDoChoi\QuanLiDoChoi.csproj", "{A57E9FA7-D48B-4A29-A0A5-1E01C1F51392}"
EndProject
Project("{9A19103F-16F7-4668-BE54-9A1E7A4F7556}") = "khachhang.api", "khachhang.api\khachhang.api.csproj", "{9DD9B852-F6F9-4823-AFE4-F805033F81C5}"
EndProject
Project("{E53339B2-1760-4266-BCC7-CA923CBCF16C}") = "docker-compose", "docker-compose.dcproj", "{C421592E-A178-4E1F-B26C-A9A661CC7EF7}"
EndProject
Project("{FAE04EC0-301F-11D3-BF4B-00C04F79EFBC}") = "sanpham.api", "sanpham.api\sanpham.api.csproj", "{3DA7A2DD-D809-408A-8198-34AE5A1C7ABC}"
EndProject
Global
	GlobalSection(SolutionConfigurationPlatforms) = preSolution
		Debug|Any CPU = Debug|Any CPU
		Release|Any CPU = Release|Any CPU
	EndGlobalSection
	GlobalSection(ProjectConfigurationPlatforms) = postSolution
		{A57E9FA7-D48B-4A29-A0A5-1E01C1F51392}.Debug|Any CPU.ActiveCfg = Debug|Any CPU
		{A57E9FA7-D48B-4A29-A0A5-1E01C1F51392}.Debug|Any CPU.Build.0 = Debug|Any CPU
		{A57E9FA7-D48B-4A29-A0A5-1E01C1F51392}.Release|Any CPU.ActiveCfg = Release|Any CPU
		{A57E9FA7-D48B-4A29-A0A5-1E01C1F51392}.Release|Any CPU.Build.0 = Release|Any CPU
		{9DD9B852-F6F9-4823-AFE4-F805033F81C5}.Debug|Any CPU.ActiveCfg = Debug|Any CPU
		{9DD9B852-F6F9-4823-AFE4-F805033F81C5}.Debug|Any CPU.Build.0 = Debug|Any CPU
		{9DD9B852-F6F9-4823-AFE4-F805033F81C5}.Release|Any CPU.ActiveCfg = Release|Any CPU
		{9DD9B852-F6F9-4823-AFE4-F805033F81C5}.Release|Any CPU.Build.0 = Release|Any CPU
		{C421592E-A178-4E1F-B26C-A9A661CC7EF7}.Debug|Any CPU.ActiveCfg = Debug|Any CPU
		{C421592E-A178-4E1F-B26C-A9A661CC7EF7}.Debug|Any CPU.Build.0 = Debug|Any CPU
		{C421592E-A178-4E1F-B26C-A9A661CC7EF7}.Release|Any CPU.ActiveCfg = Release|Any CPU
		{C421592E-A178-4E1F-B26C-A9A661CC7EF7}.Release|Any CPU.Build.0 = Release|Any CPU
		{3DA7A2DD-D809-408A-8198-34AE5A1C7ABC}.Debug|Any CPU.ActiveCfg = Debug|Any CPU
		{3DA7A2DD-D809-408A-8198-34AE5A1C7ABC}.Debug|Any CPU.Build.0 = Debug|Any CPU
		{3DA7A2DD-D809-408A-8198-34AE5A1C7ABC}.Release|Any CPU.ActiveCfg = Release|Any CPU
		{3DA7A2DD-D809-408A-8198-34AE5A1C7ABC}.Release|Any CPU.Build.0 = Release|Any CPU
	EndGlobalSection
	GlobalSection(SolutionProperties) = preSolution
		HideSolutionNode = FALSE
	EndGlobalSection
	GlobalSection(ExtensibilityGlobals) = postSolution
		SolutionGuid = {C89BC334-52AC-477D-8224-E298B41A1844}
	EndGlobalSection
EndGlobal
